// !$*UTF8*$!
{
	archiveVersion = 1;
	classes = {
	};
	objectVersion = 46;
	objects = {

/* Begin PBXBuildFile section */
		D54BAEDD1D5D29DB00981D51 /* main.m in Sources */ = {isa = PBXBuildFile; fileRef = D54BAEDC1D5D29DB00981D51 /* main.m */; };
		D54BAEE01D5D29DB00981D51 /* AppDelegate.m in Sources */ = {isa = PBXBuildFile; fileRef = D54BAEDF1D5D29DB00981D51 /* AppDelegate.m */; };
		D54BAEE31D5D29DB00981D51 /* ViewController.m in Sources */ = {isa = PBXBuildFile; fileRef = D54BAEE21D5D29DB00981D51 /* ViewController.m */; };
		D54BAEE61D5D29DB00981D51 /* Main.storyboard in Resources */ = {isa = PBXBuildFile; fileRef = D54BAEE41D5D29DB00981D51 /* Main.storyboard */; };
		D54BAEE81D5D29DB00981D51 /* Assets.xcassets in Resources */ = {isa = PBXBuildFile; fileRef = D54BAEE71D5D29DB00981D51 /* Assets.xcassets */; };
		D54BAEEB1D5D29DB00981D51 /* LaunchScreen.storyboard in Resources */ = {isa = PBXBuildFile; fileRef = D54BAEE91D5D29DB00981D51 /* LaunchScreen.storyboard */; };
		D54BAEF41D5D29F600981D51 /* Person.m in Sources */ = {isa = PBXBuildFile; fileRef = D54BAEF31D5D29F600981D51 /* Person.m */; };
/* End PBXBuildFile section */

/* Begin PBXFileReference section */
		D54BAED81D5D29DB00981D51 /* TestCopy.app */ = {isa = PBXFileReference; explicitFileType = wrapper.application; includeInIndex = 0; path = TestCopy.app; sourceTree = BUILT_PRODUCTS_DIR; };
		D54BAEDC1D5D29DB00981D51 /* main.m */ = {isa = PBXFileReference; lastKnownFileType = sourcecode.c.objc; path = main.m; sourceTree = "<group>"; };
		D54BAEDE1D5D29DB00981D51 /* AppDelegate.h */ = {isa = PBXFileReference; lastKnownFileType = sourcecode.c.h; path = AppDelegate.h; sourceTree = "<group>"; };
		D54BAEDF1D5D29DB00981D51 /* AppDelegate.m */ = {isa = PBXFileReference; lastKnownFileType = sourcecode.c.objc; path = AppDelegate.m; sourceTree = "<group>"; };
		D54BAEE11D5D29DB00981D51 /* ViewController.h */ = {isa = PBXFileReference; lastKnownFileType = sourcecode.c.h; path = ViewController.h; sourceTree = "<group>"; };
		D54BAEE21D5D29DB00981D51 /* ViewController.m */ = {isa = PBXFileReference; lastKnownFileType = sourcecode.c.objc; path = ViewController.m; sourceTree = "<group>"; };
		D54BAEE51D5D29DB00981D51 /* Base */ = {isa = PBXFileReference; lastKnownFileType = file.storyboard; name = Base; path = Base.lproj/Main.storyboard; sourceTree = "<group>"; };
		D54BAEE71D5D29DB00981D51 /* Assets.xcassets */ = {isa = PBXFileReference; lastKnownFileType = folder.assetcatalog; path = Assets.xcassets; sourceTree = "<group>"; };
		D54BAEEA1D5D29DB00981D51 /* Base */ = {isa = PBXFileReference; lastKnownFileType = file.storyboard; name = Base; path = Base.lproj/LaunchScreen.storyboard; sourceTree = "<group>"; };
		D54BAEEC1D5D29DB00981D51 /* Info.plist */ = {isa = PBXFileReference; lastKnownFileType = text.plist.xml; path = Info.plist; sourceTree = "<group>"; };
		D54BAEF21D5D29F600981D51 /* Person.h */ = {isa = PBXFileReference; fileEncoding = 4; lastKnownFileType = sourcecode.c.h; path = Person.h; sourceTree = "<group>"; };
		D54BAEF31D5D29F600981D51 /* Person.m */ = {isa = PBXFileReference; fileEncoding = 4; lastKnownFileType = sourcecode.c.objc; path = Person.m; sourceTree = "<group>"; };
/* End PBXFileReference section */

/* Begin PBXFrameworksBuildPhase section */
		D54BAED51D5D29DB00981D51 /* Frameworks */ = {
			isa = PBXFrameworksBuildPhase;
			buildActionMask = 2147483647;
			files = (
			);
			runOnlyForDeploymentPostprocessing = 0;
		};
/* End PBXFrameworksBuildPhase section */

/* Begin PBXGroup section */
		D54BAECF1D5D29DB00981D51 = {
			isa = PBXGroup;
			children = (
				D54BAEDA1D5D29DB00981D51 /* TestCopy */,
				D54BAED91D5D29DB00981D51 /* Products */,
			);
			sourceTree = "<group>";
		};
		D54BAED91D5D29DB00981D51 /* Products */ = {
			isa = PBXGroup;
			children = (
				D54BAED81D5D29DB00981D51 /* TestCopy.app */,
			);
			name = Products;
			sourceTree = "<group>";
		};
		D54BAEDA1D5D29DB00981D51 /* TestCopy */ = {
			isa = PBXGroup;
			children = (
				D54BAEDE1D5D29DB00981D51 /* AppDelegate.h */,
				D54BAEDF1D5D29DB00981D51 /* AppDelegate.m */,
				D54BAEE11D5D29DB00981D51 /* ViewController.h */,
				D54BAEE21D5D29DB00981D51 /* ViewController.m */,
				D54BAEF21D5D29F600981D51 /* Person.h */,
				D54BAEF31D5D29F600981D51 /* Person.m */,
				D54BAEE41D5D29DB00981D51 /* Main.storyboard */,
				D54BAEE71D5D29DB00981D51 /* Assets.xcassets */,
				D54BAEE91D5D29DB00981D51 /* LaunchScreen.storyboard */,
				D54BAEEC1D5D29DB00981D51 /* Info.plist */,
				D54BAEDB1D5D29DB00981D51 /* Supporting Files */,
			);
			path = TestCopy;
			sourceTree = "<group>";
		};
		D54BAEDB1D5D29DB00981D51 /* Supporting Files */ = {
			isa = PBXGroup;
			children = (
				D54BAEDC1D5D29DB00981D51 /* main.m */,
			);
			name = "Supporting Files";
			sourceTree = "<group>";
		};
/* End PBXGroup section */

/* Begin PBXNativeTarget section */
		D54BAED71D5D29DB00981D51 /* TestCopy */ = {
			isa = PBXNativeTarget;
			buildConfigurationList = D54BAEEF1D5D29DB00981D51 /* Build configuration list for PBXNativeTarget "TestCopy" */;
			buildPhases = (
				D54BAED41D5D29DB00981D51 /* Sources */,
				D54BAED51D5D29DB00981D51 /* Frameworks */,
				D54BAED61D5D29DB00981D51 /* Resources */,
			);
			buildRules = (
			);
			dependencies = (
			);
			name = TestCopy;
			productName = TestCopy;
			productReference = D54BAED81D5D29DB00981D51 /* TestCopy.app */;
			productType = "com.apple.product-type.application";
		};
/* End PBXNativeTarget section */

/* Begin PBXProject section */
		D54BAED01D5D29DB00981D51 /* Project object */ = {
			isa = PBXProject;
			attributes = {
				LastUpgradeCheck = 0730;
				ORGANIZATIONNAME = Desgard_Duan;
				TargetAttributes = {
					D54BAED71D5D29DB00981D51 = {
						CreatedOnToolsVersion = 7.3.1;
					};
				};
			};
			buildConfigurationList = D54BAED31D5D29DB00981D51 /* Build configuration list for PBXProject "TestCopy" */;
			compatibilityVersion = "Xcode 3.2";
			developmentRegion = English;
			hasScannedForEncodings = 0;
			knownRegions = (
				en,
				Base,
			);
			mainGroup = D54BAECF1D5D29DB00981D51;
			productRefGroup = D54BAED91D5D29DB00981D51 /* Products */;
			projectDirPath = "";
			projectRoot = "";
			targets = (
				D54BAED71D5D29DB00981D51 /* TestCopy */,
			);
		};
/* End PBXProject section */

/* Begin PBXResourcesBuildPhase section */
		D54BAED61D5D29DB00981D51 /* Resources */ = {
			isa = PBXResourcesBuildPhase;
			buildActionMask = 2147483647;
			files = (
				D54BAEEB1D5D29DB00981D51 /* LaunchScreen.storyboard in Resources */,
				D54BAEE81D5D29DB00981D51 /* Assets.xcassets in Resources */,
				D54BAEE61D5D29DB00981D51 /* Main.storyboard in Resources */,
			);
			runOnlyForDeploymentPostprocessing = 0;
		};
/* End PBXResourcesBuildPhase section */

/* Begin PBXSourcesBuildPhase section */
		D54BAED41D5D29DB00981D51 /* Sources */ = {
			isa = PBXSourcesBuildPhase;
			buildActionMask = 2147483647;
			files = (
				D54BAEE31D5D29DB00981D51 /* ViewController.m in Sources */,
				D54BAEE01D5D29DB00981D51 /* AppDelegate.m in Sources */,
				D54BAEF41D5D29F600981D51 /* Person.m in Sources */,
				D54BAEDD1D5D29DB00981D51 /* main.m in Sources */,
			);
			runOnlyForDeploymentPostprocessing = 0;
		};
/* End PBXSourcesBuildPhase section */

/* Begin PBXVariantGroup section */
		D54BAEE41D5D29DB00981D51 /* Main.storyboard */ = {
			isa = PBXVariantGroup;
			children = (
				D54BAEE51D5D29DB00981D51 /* Base */,
			);
			name = Main.storyboard;
			sourceTree = "<group>";
		};
		D54BAEE91D5D29DB00981D51 /* LaunchScreen.storyboard */ = {
			isa = PBXVariantGroup;
			children = (
				D54BAEEA1D5D29DB00981D51 /* Base */,
			);
			name = LaunchScreen.storyboard;
			sourceTree = "<group>";
		};
/* End PBXVariantGroup section */

/* Begin XCBuildConfiguration section */
		D54BAEED1D5D29DB00981D51 /* Debug */ = {
			isa = XCBuildConfiguration;
			buildSettings = {
				ALWAYS_SEARCH_USER_PATHS = NO;
				CLANG_ANALYZER_NONNULL = YES;
				CLANG_CXX_LANGUAGE_STANDARD = "gnu++0x";
				CLANG_CXX_LIBRARY = "libc++";
				CLANG_ENABLE_MODULES = YES;
				CLANG_ENABLE_OBJC_ARC = YES;
				CLANG_WARN_BOOL_CONVERSION = YES;
				CLANG_WARN_CONSTANT_CONVERSION = YES;
				CLANG_WARN_DIRECT_OBJC_ISA_USAGE = YES_ERROR;
				CLANG_WARN_EMPTY_BODY = YES;
				CLANG_WARN_ENUM_CONVERSION = YES;
				CLANG_WARN_INT_CONVERSION = YES;
				CLANG_WARN_OBJC_ROOT_CLASS = YES_ERROR;
				CLANG_WARN_UNREACHABLE_CODE = YES;
				CLANG_WARN__DUPLICATE_METHOD_MATCH = YES;
				"CODE_SIGN_IDENTITY[sdk=iphoneos*]" = "iPhone Developer";
				COPY_PHASE_STRIP = NO;
				DEBUG_INFORMATION_FORMAT = dwarf;
				ENABLE_STRICT_OBJC_MSGSEND = YES;
				ENABLE_TESTABILITY = YES;
				GCC_C_LANGUAGE_STANDARD = gnu99;
				GCC_DYNAMIC_NO_PIC = NO;
				GCC_NO_COMMON_BLOCKS = YES;
				GCC_OPTIMIZATION_LEVEL = 0;
				GCC_PREPROCESSOR_DEFINITIONS = (
					"DEBUG=1",
					"$(inherited)",
				);
				GCC_WARN_64_TO_32_BIT_CONVERSION = YES;
				GCC_WARN_ABOUT_RETURN_TYPE = YES_ERROR;
				GCC_WARN_UNDECLARED_SELECTOR = YES;
				GCC_WARN_UNINITIALIZED_AUTOS = YES_AGGRESSIVE;
				GCC_WARN_UNUSED_FUNCTION = YES;
				GCC_WARN_UNUSED_VARIABLE = YES;
				IPHONEOS_DEPLOYMENT_TARGET = 9.3;
				MTL_ENABLE_DEBUG_INFO = YES;
				ONLY_ACTIVE_ARCH = YES;
				SDKROOT = iphoneos;
			};
			name = Debug;
		};
		D54BAEEE1D5D29DB00981D51 /* Release */ = {
			isa = XCBuildConfiguration;
			buildSettings = {
				ALWAYS_SEARCH_USER_PATHS = NO;
				CLANG_ANALYZER_NONNULL = YES;
				CLANG_CXX_LANGUAGE_STANDARD = "gnu++0x";
				CLANG_CXX_LIBRARY = "libc++";
				CLANG_ENABLE_MODULES = YES;
				CLANG_ENABLE_OBJC_ARC = YES;
				CLANG_WARN_BOOL_CONVERSION = YES;
				CLANG_WARN_CONSTANT_CONVERSION = YES;
				CLANG_WARN_DIRECT_OBJC_ISA_USAGE = YES_ERROR;
				CLANG_WARN_EMPTY_BODY = YES;
				CLANG_WARN_ENUM_CONVERSION = YES;
				CLANG_WARN_INT_CONVERSION = YES;
				CLANG_WARN_OBJC_ROOT_CLASS = YES_ERROR;
				CLANG_WARN_UNREACHABLE_CODE = YES;
				CLANG_WARN__DUPLICATE_METHOD_MATCH = YES;
				"CODE_SIGN_IDENTITY[sdk=iphoneos*]" = "iPhone Developer";
				COPY_PHASE_STRIP = NO;
				DEBUG_INFORMATION_FORMAT = "dwarf-with-dsym";
				ENABLE_NS_ASSERTIONS = NO;
				ENABLE_STRICT_OBJC_MSGSEND = YES;
				GCC_C_LANGUAGE_STANDARD = gnu99;
				GCC_NO_COMMON_BLOCKS = YES;
				GCC_WARN_64_TO_32_BIT_CONVERSION = YES;
				GCC_WARN_ABOUT_RETURN_TYPE = YES_ERROR;
				GCC_WARN_UNDECLARED_SELECTOR = YES;
				GCC_WARN_UNINITIALIZED_AUTOS = YES_AGGRESSIVE;
				GCC_WARN_UNUSED_FUNCTION = YES;
				GCC_WARN_UNUSED_VARIABLE = YES;
				IPHONEOS_DEPLOYMENT_TARGET = 9.3;
				MTL_ENABLE_DEBUG_INFO = NO;
				SDKROOT = iphoneos;
				VALIDATE_PRODUCT = YES;
			};
			name = Release;
		};
		D54BAEF01D5D29DB00981D51 /* Debug */ = {
			isa = XCBuildConfiguration;
			buildSettings = {
				ASSETCATALOG_COMPILER_APPICON_NAME = AppIcon;
				INFOPLIST_FILE = TestCopy/Info.plist;
				LD_RUNPATH_SEARCH_PATHS = "$(inherited) @executable_path/Frameworks";
				PRODUCT_BUNDLE_IDENTIFIER = desgard.express.TestCopy;
				PRODUCT_NAME = "$(TARGET_NAME)";
			};
			name = Debug;
		};
		D54BAEF11D5D29DB00981D51 /* Release */ = {
			isa = XCBuildConfiguration;
			buildSettings = {
				ASSETCATALOG_COMPILER_APPICON_NAME = AppIcon;
				INFOPLIST_FILE = TestCopy/Info.plist;
				LD_RUNPATH_SEARCH_PATHS = "$(inherited) @executable_path/Frameworks";
				PRODUCT_BUNDLE_IDENTIFIER = desgard.express.TestCopy;
				PRODUCT_NAME = "$(TARGET_NAME)";
			};
			name = Release;
		};
/* End XCBuildConfiguration section */

/* Begin XCConfigurationList section */
		D54BAED31D5D29DB00981D51 /* Build configuration list for PBXProject "TestCopy" */ = {
			isa = XCConfigurationList;
			buildConfigurations = (
				D54BAEED1D5D29DB00981D51 /* Debug */,
				D54BAEEE1D5D29DB00981D51 /* Release */,
			);
			defaultConfigurationIsVisible = 0;
			defaultConfigurationName = Release;
		};
		D54BAEEF1D5D29DB00981D51 /* Build configuration list for PBXNativeTarget "TestCopy" */ = {
			isa = XCConfigurationList;
			buildConfigurations = (
				D54BAEF01D5D29DB00981D51 /* Debug */,
				D54BAEF11D5D29DB00981D51 /* Release */,
			);
			defaultConfigurationIsVisible = 0;
		};
/* End XCConfigurationList section */
	};
	rootObject = D54BAED01D5D29DB00981D51 /* Project object */;
}
